
Microsoft Visual Studio Solution File, Format Version 12.00
# Visual Studio Version 17
VisualStudioVersion = 17.5.33414.496
MinimumVisualStudioVersion = 10.0.40219.1
Project("{FAE04EC0-301F-11D3-BF4B-00C04F79EFBC}") = "08-03", "08-03\08-03.csproj", "{99A42247-BADC-407B-8DB9-CEDBBAEC30FC}"
EndProject
Global
	GlobalSection(SolutionConfigurationPlatforms) = preSolution
		Debug|Any CPU = Debug|Any CPU
		Release|Any CPU = Release|Any CPU
	EndGlobalSection
	GlobalSection(ProjectConfigurationPlatforms) = postSolution
		{99A42247-BADC-407B-8DB9-CEDBBAEC30FC}.Debug|Any CPU.ActiveCfg = Debug|Any CPU
		{99A42247-BADC-407B-8DB9-CEDBBAEC30FC}.Debug|Any CPU.Build.0 = Debug|Any CPU
		{99A42247-BADC-407B-8DB9-CEDBBAEC30FC}.Release|Any CPU.ActiveCfg = Release|Any CPU
		{99A42247-BADC-407B-8DB9-CEDBBAEC30FC}.Release|Any CPU.Build.0 = Release|Any CPU
	EndGlobalSection
	GlobalSection(SolutionProperties) = preSolution
		HideSolutionNode = FALSE
	EndGlobalSection
	GlobalSection(ExtensibilityGlobals) = postSolution
		SolutionGuid = {DE3AFE3A-A744-4A18-8076-274044236D04}
	EndGlobalSection
EndGlobal
